{
  "name": "luma-docs",
  "version": "1.0.0",
  "lockfileVersion": 3,
  "requires": true,
  "packages": {
    "": {
      "name": "luma-docs",
      "version": "1.0.0",
      "license": "ISC",
      "dependencies": {
        "@krishna.dev1/lumajs": "^0.3.0"
      }
    },
    "node_modules/@krishna.dev1/lumajs": {
      "version": "0.3.0",
      "resolved": "https://registry.npmjs.org/@krishna.dev1/lumajs/-/lumajs-0.3.0.tgz",
      "integrity": "sha512-Krv6icqp1YN9oq4gouHS5wCLcNbe6DU9K8NUTImtyRIn+x0P1TdFblg6L7A/29TqmM8xGWUPqzRZnEJvgP7+XQ==",
      "license": "MIT"
    }
  }
}
